
Microsoft Visual Studio Solution File, Format Version 12.00
# Visual Studio Version 17
VisualStudioVersion = 17.13.35825.156 d17.13
MinimumVisualStudioVersion = 10.0.40219.1
Project("{FAE04EC0-301F-11D3-BF4B-00C04F79EFBC}") = "MiniTC", "MiniTC.csproj", "{482170C4-036C-4B24-B2C7-9512FF430507}"
EndProject
Global
	GlobalSection(SolutionConfigurationPlatforms) = preSolution
		Debug|Any CPU = Debug|Any CPU
		Release|Any CPU = Release|Any CPU
	EndGlobalSection
	GlobalSection(ProjectConfigurationPlatforms) = postSolution
		{482170C4-036C-4B24-B2C7-9512FF430507}.Debug|Any CPU.ActiveCfg = Debug|Any CPU
		{482170C4-036C-4B24-B2C7-9512FF430507}.Debug|Any CPU.Build.0 = Debug|Any CPU
		{482170C4-036C-4B24-B2C7-9512FF430507}.Release|Any CPU.ActiveCfg = Release|Any CPU
		{482170C4-036C-4B24-B2C7-9512FF430507}.Release|Any CPU.Build.0 = Release|Any CPU
	EndGlobalSection
	GlobalSection(SolutionProperties) = preSolution
		HideSolutionNode = FALSE
	EndGlobalSection
	GlobalSection(ExtensibilityGlobals) = postSolution
		SolutionGuid = {10DBC639-6530-413A-91FC-301357325B27}
	EndGlobalSection
EndGlobal
